
Microsoft Visual Studio Solution File, Format Version 12.00
# Visual Studio Version 17
VisualStudioVersion = 17.5.002.0
MinimumVisualStudioVersion = 10.0.40219.1
Project("{9A19103F-16F7-4668-BE54-9A1E7A4F7556}") = "Quiz-Game-CSharp", "Quiz-Game-CSharp.csproj", "{B3BFFC12-C10D-4D78-AD05-85E5D283C8AA}"
EndProject
Global
	GlobalSection(SolutionConfigurationPlatforms) = preSolution
		Debug|Any CPU = Debug|Any CPU
		Release|Any CPU = Release|Any CPU
	EndGlobalSection
	GlobalSection(ProjectConfigurationPlatforms) = postSolution
		{B3BFFC12-C10D-4D78-AD05-85E5D283C8AA}.Debug|Any CPU.ActiveCfg = Debug|Any CPU
		{B3BFFC12-C10D-4D78-AD05-85E5D283C8AA}.Debug|Any CPU.Build.0 = Debug|Any CPU
		{B3BFFC12-C10D-4D78-AD05-85E5D283C8AA}.Release|Any CPU.ActiveCfg = Release|Any CPU
		{B3BFFC12-C10D-4D78-AD05-85E5D283C8AA}.Release|Any CPU.Build.0 = Release|Any CPU
	EndGlobalSection
	GlobalSection(SolutionProperties) = preSolution
		HideSolutionNode = FALSE
	EndGlobalSection
	GlobalSection(ExtensibilityGlobals) = postSolution
		SolutionGuid = {5B1785E2-6754-458E-9936-01066EC05B75}
	EndGlobalSection
EndGlobal
